
Microsoft Visual Studio Solution File, Format Version 12.00
# Visual Studio Version 17
VisualStudioVersion = 17.0.31903.59
MinimumVisualStudioVersion = 10.0.40219.1
Project("{FAE04EC0-301F-11D3-BF4B-00C04F79EFBC}") = "LibraryAPI.WebAPI", "LibraryAPI.WebAPI\LibraryAPI.WebAPI.csproj", "{D491941C-6A3D-49A6-A138-CAB83043C7B4}"
EndProject
Project("{FAE04EC0-301F-11D3-BF4B-00C04F79EFBC}") = "LibraryAPI.Domain", "LibraryAPI.Domain\LibraryAPI.Domain.csproj", "{1DE7C700-C5EF-4528-A582-7C7323A64230}"
EndProject
Project("{FAE04EC0-301F-11D3-BF4B-00C04F79EFBC}") = "LibraryAPI.Application", "LibraryAPI.Application\LibraryAPI.Application.csproj", "{53A5554B-5FF1-4B89-8732-88B84B16BC50}"
EndProject
Project("{FAE04EC0-301F-11D3-BF4B-00C04F79EFBC}") = "LibraryAPI.Infrastructure", "LibraryAPI.Infrastructure\LibraryAPI.Infrastructure.csproj", "{AC3286A0-45AD-4E40-8963-92ACFF4F4E89}"
EndProject
Project("{FAE04EC0-301F-11D3-BF4B-00C04F79EFBC}") = "LibraryAPI.Tests", "LibraryAPI.Tests\LibraryAPI.Tests.csproj", "{EB39227B-E9D6-45DE-BDA3-D1B70517A906}"
EndProject
Global
	GlobalSection(SolutionConfigurationPlatforms) = preSolution
		Debug|Any CPU = Debug|Any CPU
		Release|Any CPU = Release|Any CPU
	EndGlobalSection
	GlobalSection(SolutionProperties) = preSolution
		HideSolutionNode = FALSE
	EndGlobalSection
	GlobalSection(ProjectConfigurationPlatforms) = postSolution
		{D491941C-6A3D-49A6-A138-CAB83043C7B4}.Debug|Any CPU.ActiveCfg = Debug|Any CPU
		{D491941C-6A3D-49A6-A138-CAB83043C7B4}.Debug|Any CPU.Build.0 = Debug|Any CPU
		{D491941C-6A3D-49A6-A138-CAB83043C7B4}.Release|Any CPU.ActiveCfg = Release|Any CPU
		{D491941C-6A3D-49A6-A138-CAB83043C7B4}.Release|Any CPU.Build.0 = Release|Any CPU
		{1DE7C700-C5EF-4528-A582-7C7323A64230}.Debug|Any CPU.ActiveCfg = Debug|Any CPU
		{1DE7C700-C5EF-4528-A582-7C7323A64230}.Debug|Any CPU.Build.0 = Debug|Any CPU
		{1DE7C700-C5EF-4528-A582-7C7323A64230}.Release|Any CPU.ActiveCfg = Release|Any CPU
		{1DE7C700-C5EF-4528-A582-7C7323A64230}.Release|Any CPU.Build.0 = Release|Any CPU
		{53A5554B-5FF1-4B89-8732-88B84B16BC50}.Debug|Any CPU.ActiveCfg = Debug|Any CPU
		{53A5554B-5FF1-4B89-8732-88B84B16BC50}.Debug|Any CPU.Build.0 = Debug|Any CPU
		{53A5554B-5FF1-4B89-8732-88B84B16BC50}.Release|Any CPU.ActiveCfg = Release|Any CPU
		{53A5554B-5FF1-4B89-8732-88B84B16BC50}.Release|Any CPU.Build.0 = Release|Any CPU
		{AC3286A0-45AD-4E40-8963-92ACFF4F4E89}.Debug|Any CPU.ActiveCfg = Debug|Any CPU
		{AC3286A0-45AD-4E40-8963-92ACFF4F4E89}.Debug|Any CPU.Build.0 = Debug|Any CPU
		{AC3286A0-45AD-4E40-8963-92ACFF4F4E89}.Release|Any CPU.ActiveCfg = Release|Any CPU
		{AC3286A0-45AD-4E40-8963-92ACFF4F4E89}.Release|Any CPU.Build.0 = Release|Any CPU
		{EB39227B-E9D6-45DE-BDA3-D1B70517A906}.Debug|Any CPU.ActiveCfg = Debug|Any CPU
		{EB39227B-E9D6-45DE-BDA3-D1B70517A906}.Debug|Any CPU.Build.0 = Debug|Any CPU
		{EB39227B-E9D6-45DE-BDA3-D1B70517A906}.Release|Any CPU.ActiveCfg = Release|Any CPU
		{EB39227B-E9D6-45DE-BDA3-D1B70517A906}.Release|Any CPU.Build.0 = Release|Any CPU
	EndGlobalSection
EndGlobal
